
Microsoft Visual Studio Solution File, Format Version 12.00
# Visual Studio Version 17
VisualStudioVersion = 17.6.33829.357
MinimumVisualStudioVersion = 10.0.40219.1
Project("{FAE04EC0-301F-11D3-BF4B-00C04F79EFBC}") = "WebString", "WebString\WebString.csproj", "{C890EE47-F6A9-4AEF-9AB2-F457FCE1666C}"
EndProject
Global
	GlobalSection(SolutionConfigurationPlatforms) = preSolution
		Debug|Any CPU = Debug|Any CPU
		Release|Any CPU = Release|Any CPU
	EndGlobalSection
	GlobalSection(ProjectConfigurationPlatforms) = postSolution
		{C890EE47-F6A9-4AEF-9AB2-F457FCE1666C}.Debug|Any CPU.ActiveCfg = Debug|Any CPU
		{C890EE47-F6A9-4AEF-9AB2-F457FCE1666C}.Debug|Any CPU.Build.0 = Debug|Any CPU
		{C890EE47-F6A9-4AEF-9AB2-F457FCE1666C}.Release|Any CPU.ActiveCfg = Release|Any CPU
		{C890EE47-F6A9-4AEF-9AB2-F457FCE1666C}.Release|Any CPU.Build.0 = Release|Any CPU
	EndGlobalSection
	GlobalSection(SolutionProperties) = preSolution
		HideSolutionNode = FALSE
	EndGlobalSection
	GlobalSection(ExtensibilityGlobals) = postSolution
		SolutionGuid = {E4C53983-9B44-40AF-8B60-7BF7DD10CAFA}
	EndGlobalSection
EndGlobal
